
Microsoft Visual Studio Solution File, Format Version 12.00
# Visual Studio Version 16
VisualStudioVersion = 16.0.31105.61
MinimumVisualStudioVersion = 10.0.40219.1
Project("{FAE04EC0-301F-11D3-BF4B-00C04F79EFBC}") = "ConsoleApp3", "ConsoleApp3\ConsoleApp3.csproj", "{B653296C-57E0-4B3B-BDA5-6A7F8888FF0B}"
EndProject
Global
	GlobalSection(SolutionConfigurationPlatforms) = preSolution
		Debug|Any CPU = Debug|Any CPU
		Release|Any CPU = Release|Any CPU
	EndGlobalSection
	GlobalSection(ProjectConfigurationPlatforms) = postSolution
		{B653296C-57E0-4B3B-BDA5-6A7F8888FF0B}.Debug|Any CPU.ActiveCfg = Debug|Any CPU
		{B653296C-57E0-4B3B-BDA5-6A7F8888FF0B}.Debug|Any CPU.Build.0 = Debug|Any CPU
		{B653296C-57E0-4B3B-BDA5-6A7F8888FF0B}.Release|Any CPU.ActiveCfg = Release|Any CPU
		{B653296C-57E0-4B3B-BDA5-6A7F8888FF0B}.Release|Any CPU.Build.0 = Release|Any CPU
	EndGlobalSection
	GlobalSection(SolutionProperties) = preSolution
		HideSolutionNode = FALSE
	EndGlobalSection
	GlobalSection(ExtensibilityGlobals) = postSolution
		SolutionGuid = {AE258A0D-6757-49EC-B226-6FDB369D37DE}
	EndGlobalSection
EndGlobal
